
Microsoft Visual Studio Solution File, Format Version 12.00
# Visual Studio 15
VisualStudioVersion = 15.0.26124.0
MinimumVisualStudioVersion = 15.0.26124.0
Project("{FAE04EC0-301F-11D3-BF4B-00C04F79EFBC}") = "Dommunity.Identity", "Dommunity.Identity\Dommunity.Identity.csproj", "{623FEABB-54FC-4112-95BC-ACB15D969DA7}"
EndProject
Project("{FAE04EC0-301F-11D3-BF4B-00C04F79EFBC}") = "Dommunity.Identity.Tests", "Dommunity.Identity.Tests\Dommunity.Identity.Tests.csproj", "{EB558D0E-9C41-4735-9D6B-C8721E1435E0}"
EndProject
Project("{FAE04EC0-301F-11D3-BF4B-00C04F79EFBC}") = "Dommunity", "Dommunity\Dommunity.csproj", "{605C1C48-DADE-4C59-82C3-99A1AF5BA6AE}"
EndProject
Project("{FAE04EC0-301F-11D3-BF4B-00C04F79EFBC}") = "Dommunity.Tests", "Dommunity.Tests\Dommunity.Tests.csproj", "{8B326869-8C6B-4444-93C7-00B5AC524EBB}"
EndProject
Global
	GlobalSection(SolutionProperties) = preSolution
		HideSolutionNode = FALSE
	EndGlobalSection
	GlobalSection(SolutionConfigurationPlatforms) = preSolution
		Debug|Any CPU = Debug|Any CPU
		Debug|x64 = Debug|x64
		Debug|x86 = Debug|x86
		Release|Any CPU = Release|Any CPU
		Release|x64 = Release|x64
		Release|x86 = Release|x86
	EndGlobalSection
	GlobalSection(ProjectConfigurationPlatforms) = postSolution
		{623FEABB-54FC-4112-95BC-ACB15D969DA7}.Debug|Any CPU.ActiveCfg = Debug|Any CPU
		{623FEABB-54FC-4112-95BC-ACB15D969DA7}.Debug|Any CPU.Build.0 = Debug|Any CPU
		{623FEABB-54FC-4112-95BC-ACB15D969DA7}.Debug|x64.ActiveCfg = Debug|Any CPU
		{623FEABB-54FC-4112-95BC-ACB15D969DA7}.Debug|x64.Build.0 = Debug|Any CPU
		{623FEABB-54FC-4112-95BC-ACB15D969DA7}.Debug|x86.ActiveCfg = Debug|Any CPU
		{623FEABB-54FC-4112-95BC-ACB15D969DA7}.Debug|x86.Build.0 = Debug|Any CPU
		{623FEABB-54FC-4112-95BC-ACB15D969DA7}.Release|Any CPU.ActiveCfg = Release|Any CPU
		{623FEABB-54FC-4112-95BC-ACB15D969DA7}.Release|Any CPU.Build.0 = Release|Any CPU
		{623FEABB-54FC-4112-95BC-ACB15D969DA7}.Release|x64.ActiveCfg = Release|Any CPU
		{623FEABB-54FC-4112-95BC-ACB15D969DA7}.Release|x64.Build.0 = Release|Any CPU
		{623FEABB-54FC-4112-95BC-ACB15D969DA7}.Release|x86.ActiveCfg = Release|Any CPU
		{623FEABB-54FC-4112-95BC-ACB15D969DA7}.Release|x86.Build.0 = Release|Any CPU
		{EB558D0E-9C41-4735-9D6B-C8721E1435E0}.Debug|Any CPU.ActiveCfg = Debug|Any CPU
		{EB558D0E-9C41-4735-9D6B-C8721E1435E0}.Debug|Any CPU.Build.0 = Debug|Any CPU
		{EB558D0E-9C41-4735-9D6B-C8721E1435E0}.Debug|x64.ActiveCfg = Debug|Any CPU
		{EB558D0E-9C41-4735-9D6B-C8721E1435E0}.Debug|x64.Build.0 = Debug|Any CPU
		{EB558D0E-9C41-4735-9D6B-C8721E1435E0}.Debug|x86.ActiveCfg = Debug|Any CPU
		{EB558D0E-9C41-4735-9D6B-C8721E1435E0}.Debug|x86.Build.0 = Debug|Any CPU
		{EB558D0E-9C41-4735-9D6B-C8721E1435E0}.Release|Any CPU.ActiveCfg = Release|Any CPU
		{EB558D0E-9C41-4735-9D6B-C8721E1435E0}.Release|Any CPU.Build.0 = Release|Any CPU
		{EB558D0E-9C41-4735-9D6B-C8721E1435E0}.Release|x64.ActiveCfg = Release|Any CPU
		{EB558D0E-9C41-4735-9D6B-C8721E1435E0}.Release|x64.Build.0 = Release|Any CPU
		{EB558D0E-9C41-4735-9D6B-C8721E1435E0}.Release|x86.ActiveCfg = Release|Any CPU
		{EB558D0E-9C41-4735-9D6B-C8721E1435E0}.Release|x86.Build.0 = Release|Any CPU
		{605C1C48-DADE-4C59-82C3-99A1AF5BA6AE}.Debug|Any CPU.ActiveCfg = Debug|Any CPU
		{605C1C48-DADE-4C59-82C3-99A1AF5BA6AE}.Debug|Any CPU.Build.0 = Debug|Any CPU
		{605C1C48-DADE-4C59-82C3-99A1AF5BA6AE}.Debug|x64.ActiveCfg = Debug|Any CPU
		{605C1C48-DADE-4C59-82C3-99A1AF5BA6AE}.Debug|x64.Build.0 = Debug|Any CPU
		{605C1C48-DADE-4C59-82C3-99A1AF5BA6AE}.Debug|x86.ActiveCfg = Debug|Any CPU
		{605C1C48-DADE-4C59-82C3-99A1AF5BA6AE}.Debug|x86.Build.0 = Debug|Any CPU
		{605C1C48-DADE-4C59-82C3-99A1AF5BA6AE}.Release|Any CPU.ActiveCfg = Release|Any CPU
		{605C1C48-DADE-4C59-82C3-99A1AF5BA6AE}.Release|Any CPU.Build.0 = Release|Any CPU
		{605C1C48-DADE-4C59-82C3-99A1AF5BA6AE}.Release|x64.ActiveCfg = Release|Any CPU
		{605C1C48-DADE-4C59-82C3-99A1AF5BA6AE}.Release|x64.Build.0 = Release|Any CPU
		{605C1C48-DADE-4C59-82C3-99A1AF5BA6AE}.Release|x86.ActiveCfg = Release|Any CPU
		{605C1C48-DADE-4C59-82C3-99A1AF5BA6AE}.Release|x86.Build.0 = Release|Any CPU
		{8B326869-8C6B-4444-93C7-00B5AC524EBB}.Debug|Any CPU.ActiveCfg = Debug|Any CPU
		{8B326869-8C6B-4444-93C7-00B5AC524EBB}.Debug|Any CPU.Build.0 = Debug|Any CPU
		{8B326869-8C6B-4444-93C7-00B5AC524EBB}.Debug|x64.ActiveCfg = Debug|Any CPU
		{8B326869-8C6B-4444-93C7-00B5AC524EBB}.Debug|x64.Build.0 = Debug|Any CPU
		{8B326869-8C6B-4444-93C7-00B5AC524EBB}.Debug|x86.ActiveCfg = Debug|Any CPU
		{8B326869-8C6B-4444-93C7-00B5AC524EBB}.Debug|x86.Build.0 = Debug|Any CPU
		{8B326869-8C6B-4444-93C7-00B5AC524EBB}.Release|Any CPU.ActiveCfg = Release|Any CPU
		{8B326869-8C6B-4444-93C7-00B5AC524EBB}.Release|Any CPU.Build.0 = Release|Any CPU
		{8B326869-8C6B-4444-93C7-00B5AC524EBB}.Release|x64.ActiveCfg = Release|Any CPU
		{8B326869-8C6B-4444-93C7-00B5AC524EBB}.Release|x64.Build.0 = Release|Any CPU
		{8B326869-8C6B-4444-93C7-00B5AC524EBB}.Release|x86.ActiveCfg = Release|Any CPU
		{8B326869-8C6B-4444-93C7-00B5AC524EBB}.Release|x86.Build.0 = Release|Any CPU
	EndGlobalSection
EndGlobal
